
Microsoft Visual Studio Solution File, Format Version 12.00
# Visual Studio Version 17
VisualStudioVersion = 17.4.33213.308
MinimumVisualStudioVersion = 10.0.40219.1
Project("{8BC9CEB8-8B4A-11D0-8D11-00A0C91BC942}") = "flower_kernel.dll", "flower_kernel.dll\flower_kernel.dll.vcxproj", "{F5EBC864-E5A0-4FC0-AA24-97D41387341F}"
EndProject
Project("{8BC9CEB8-8B4A-11D0-8D11-00A0C91BC942}") = "main.dll", "main.dll\main.dll.vcxproj", "{026360E8-C4DA-42F4-AEE1-D72706656547}"
EndProject
Project("{8BC9CEB8-8B4A-11D0-8D11-00A0C91BC942}") = "okami.exe", "okami.exe\okami.exe.vcxproj", "{EE404127-7E6B-428D-B43D-2DE1BA66D8B9}"
EndProject
Global
	GlobalSection(SolutionConfigurationPlatforms) = preSolution
		Debug|x64 = Debug|x64
		Debug|x86 = Debug|x86
		Release|x64 = Release|x64
		Release|x86 = Release|x86
	EndGlobalSection
	GlobalSection(ProjectConfigurationPlatforms) = postSolution
		{F5EBC864-E5A0-4FC0-AA24-97D41387341F}.Debug|x64.ActiveCfg = Debug|x64
		{F5EBC864-E5A0-4FC0-AA24-97D41387341F}.Debug|x64.Build.0 = Debug|x64
		{F5EBC864-E5A0-4FC0-AA24-97D41387341F}.Debug|x86.ActiveCfg = Debug|Win32
		{F5EBC864-E5A0-4FC0-AA24-97D41387341F}.Debug|x86.Build.0 = Debug|Win32
		{F5EBC864-E5A0-4FC0-AA24-97D41387341F}.Release|x64.ActiveCfg = Release|x64
		{F5EBC864-E5A0-4FC0-AA24-97D41387341F}.Release|x64.Build.0 = Release|x64
		{F5EBC864-E5A0-4FC0-AA24-97D41387341F}.Release|x86.ActiveCfg = Release|Win32
		{F5EBC864-E5A0-4FC0-AA24-97D41387341F}.Release|x86.Build.0 = Release|Win32
		{026360E8-C4DA-42F4-AEE1-D72706656547}.Debug|x64.ActiveCfg = Debug|x64
		{026360E8-C4DA-42F4-AEE1-D72706656547}.Debug|x64.Build.0 = Debug|x64
		{026360E8-C4DA-42F4-AEE1-D72706656547}.Debug|x86.ActiveCfg = Debug|Win32
		{026360E8-C4DA-42F4-AEE1-D72706656547}.Debug|x86.Build.0 = Debug|Win32
		{026360E8-C4DA-42F4-AEE1-D72706656547}.Release|x64.ActiveCfg = Release|x64
		{026360E8-C4DA-42F4-AEE1-D72706656547}.Release|x64.Build.0 = Release|x64
		{026360E8-C4DA-42F4-AEE1-D72706656547}.Release|x86.ActiveCfg = Release|Win32
		{026360E8-C4DA-42F4-AEE1-D72706656547}.Release|x86.Build.0 = Release|Win32
		{EE404127-7E6B-428D-B43D-2DE1BA66D8B9}.Debug|x64.ActiveCfg = Debug|x64
		{EE404127-7E6B-428D-B43D-2DE1BA66D8B9}.Debug|x64.Build.0 = Debug|x64
		{EE404127-7E6B-428D-B43D-2DE1BA66D8B9}.Debug|x86.ActiveCfg = Debug|Win32
		{EE404127-7E6B-428D-B43D-2DE1BA66D8B9}.Debug|x86.Build.0 = Debug|Win32
		{EE404127-7E6B-428D-B43D-2DE1BA66D8B9}.Release|x64.ActiveCfg = Release|x64
		{EE404127-7E6B-428D-B43D-2DE1BA66D8B9}.Release|x64.Build.0 = Release|x64
		{EE404127-7E6B-428D-B43D-2DE1BA66D8B9}.Release|x86.ActiveCfg = Release|Win32
		{EE404127-7E6B-428D-B43D-2DE1BA66D8B9}.Release|x86.Build.0 = Release|Win32
	EndGlobalSection
	GlobalSection(SolutionProperties) = preSolution
		HideSolutionNode = FALSE
	EndGlobalSection
	GlobalSection(ExtensibilityGlobals) = postSolution
		SolutionGuid = {77CB1C03-5076-4BBE-8FB8-D3DE069BB297}
	EndGlobalSection
EndGlobal
